// !$*UTF8*$!
{
	archiveVersion = 1;
	classes = {
	};
	objectVersion = 56;
	objects = {

/* Begin PBXBuildFile section */
		6233F89429618359009AE3D2 /* SliderView.swift in Sources */ = {isa = PBXBuildFile; fileRef = 6233F89329618359009AE3D2 /* SliderView.swift */; };
		6233F897296184C4009AE3D2 /* SliderSectionView.swift in Sources */ = {isa = PBXBuildFile; fileRef = 6233F896296184C4009AE3D2 /* SliderSectionView.swift */; };
		623CEC5C295F66440098F81A /* FitnessAppApp.swift in Sources */ = {isa = PBXBuildFile; fileRef = 623CEC5B295F66440098F81A /* FitnessAppApp.swift */; };
		623CEC5E295F66440098F81A /* ContentView.swift in Sources */ = {isa = PBXBuildFile; fileRef = 623CEC5D295F66440098F81A /* ContentView.swift */; };
		623CEC60295F66450098F81A /* Assets.xcassets in Resources */ = {isa = PBXBuildFile; fileRef = 623CEC5F295F66450098F81A /* Assets.xcassets */; };
		623CEC63295F66450098F81A /* Preview Assets.xcassets in Resources */ = {isa = PBXBuildFile; fileRef = 623CEC62295F66450098F81A /* Preview Assets.xcassets */; };
		623CEC6D295F66450098F81A /* FitnessAppTests.swift in Sources */ = {isa = PBXBuildFile; fileRef = 623CEC6C295F66450098F81A /* FitnessAppTests.swift */; };
		623CEC77295F66450098F81A /* FitnessAppUITests.swift in Sources */ = {isa = PBXBuildFile; fileRef = 623CEC76295F66450098F81A /* FitnessAppUITests.swift */; };
		623CEC79295F66450098F81A /* FitnessAppUITestsLaunchTests.swift in Sources */ = {isa = PBXBuildFile; fileRef = 623CEC78295F66450098F81A /* FitnessAppUITestsLaunchTests.swift */; };
		623CEC86295F69590098F81A /* NavButton.swift in Sources */ = {isa = PBXBuildFile; fileRef = 623CEC85295F69590098F81A /* NavButton.swift */; };
		623CEC88295F6B630098F81A /* Font++.swift in Sources */ = {isa = PBXBuildFile; fileRef = 623CEC87295F6B630098F81A /* Font++.swift */; };
		623CEC8C295F6C490098F81A /* BarlowSemiCondensed-Black.ttf in Resources */ = {isa = PBXBuildFile; fileRef = 623CEC89295F6C490098F81A /* BarlowSemiCondensed-Black.ttf */; };
		623CEC8D295F6C490098F81A /* BarlowSemiCondensed-Bold.ttf in Resources */ = {isa = PBXBuildFile; fileRef = 623CEC8A295F6C490098F81A /* BarlowSemiCondensed-Bold.ttf */; };
		623CEC8E295F6C490098F81A /* BarlowSemiCondensed-Medium.ttf in Resources */ = {isa = PBXBuildFile; fileRef = 623CEC8B295F6C490098F81A /* BarlowSemiCondensed-Medium.ttf */; };
		623CEC92295F6F270098F81A /* Color++.swift in Sources */ = {isa = PBXBuildFile; fileRef = 623CEC91295F6F270098F81A /* Color++.swift */; };
		623CEC94295F76980098F81A /* PersonalInfoVIew.swift in Sources */ = {isa = PBXBuildFile; fileRef = 623CEC93295F76980098F81A /* PersonalInfoVIew.swift */; };
		623CEC96295F76A50098F81A /* FoodPrefView.swift in Sources */ = {isa = PBXBuildFile; fileRef = 623CEC95295F76A50098F81A /* FoodPrefView.swift */; };
		623CEC98295F76B50098F81A /* WorkoutInfoView.swift in Sources */ = {isa = PBXBuildFile; fileRef = 623CEC97295F76B50098F81A /* WorkoutInfoView.swift */; };
		623CEC9A295F78BF0098F81A /* FitnessVM.swift in Sources */ = {isa = PBXBuildFile; fileRef = 623CEC99295F78BF0098F81A /* FitnessVM.swift */; };
		62C6A9C62960351300424250 /* CustomButton.swift in Sources */ = {isa = PBXBuildFile; fileRef = 62C6A9C52960351300424250 /* CustomButton.swift */; };
		62C6A9C829603CC000424250 /* RoundRectbutton.swift in Sources */ = {isa = PBXBuildFile; fileRef = 62C6A9C729603CC000424250 /* RoundRectbutton.swift */; };
		62C86C9629617EE40001E4E2 /* CustomSliderView.swift in Sources */ = {isa = PBXBuildFile; fileRef = 62C86C9529617EE40001E4E2 /* CustomSliderView.swift */; };
/* End PBXBuildFile section */

/* Begin PBXContainerItemProxy section */
		623CEC69295F66450098F81A /* PBXContainerItemProxy */ = {
			isa = PBXContainerItemProxy;
			containerPortal = 623CEC50295F66440098F81A /* Project object */;
			proxyType = 1;
			remoteGlobalIDString = 623CEC57295F66440098F81A;
			remoteInfo = FitnessApp;
		};
		623CEC73295F66450098F81A /* PBXContainerItemProxy */ = {
			isa = PBXContainerItemProxy;
			containerPortal = 623CEC50295F66440098F81A /* Project object */;
			proxyType = 1;
			remoteGlobalIDString = 623CEC57295F66440098F81A;
			remoteInfo = FitnessApp;
		};
/* End PBXContainerItemProxy section */

/* Begin PBXFileReference section */
		6233F89329618359009AE3D2 /* SliderView.swift */ = {isa = PBXFileReference; fileEncoding = 4; lastKnownFileType = sourcecode.swift; path = SliderView.swift; sourceTree = "<group>"; };
		6233F896296184C4009AE3D2 /* SliderSectionView.swift */ = {isa = PBXFileReference; lastKnownFileType = sourcecode.swift; path = SliderSectionView.swift; sourceTree = "<group>"; };
		623CEC58295F66440098F81A /* FitnessApp.app */ = {isa = PBXFileReference; explicitFileType = wrapper.application; includeInIndex = 0; path = FitnessApp.app; sourceTree = BUILT_PRODUCTS_DIR; };
		623CEC5B295F66440098F81A /* FitnessAppApp.swift */ = {isa = PBXFileReference; lastKnownFileType = sourcecode.swift; path = FitnessAppApp.swift; sourceTree = "<group>"; };
		623CEC5D295F66440098F81A /* ContentView.swift */ = {isa = PBXFileReference; lastKnownFileType = sourcecode.swift; path = ContentView.swift; sourceTree = "<group>"; };
		623CEC5F295F66450098F81A /* Assets.xcassets */ = {isa = PBXFileReference; lastKnownFileType = folder.assetcatalog; path = Assets.xcassets; sourceTree = "<group>"; };
		623CEC62295F66450098F81A /* Preview Assets.xcassets */ = {isa = PBXFileReference; lastKnownFileType = folder.assetcatalog; path = "Preview Assets.xcassets"; sourceTree = "<group>"; };
		623CEC68295F66450098F81A /* FitnessAppTests.xctest */ = {isa = PBXFileReference; explicitFileType = wrapper.cfbundle; includeInIndex = 0; path = FitnessAppTests.xctest; sourceTree = BUILT_PRODUCTS_DIR; };
		623CEC6C295F66450098F81A /* FitnessAppTests.swift */ = {isa = PBXFileReference; lastKnownFileType = sourcecode.swift; path = FitnessAppTests.swift; sourceTree = "<group>"; };
		623CEC72295F66450098F81A /* FitnessAppUITests.xctest */ = {isa = PBXFileReference; explicitFileType = wrapper.cfbundle; includeInIndex = 0; path = FitnessAppUITests.xctest; sourceTree = BUILT_PRODUCTS_DIR; };
		623CEC76295F66450098F81A /* FitnessAppUITests.swift */ = {isa = PBXFileReference; lastKnownFileType = sourcecode.swift; path = FitnessAppUITests.swift; sourceTree = "<group>"; };
		623CEC78295F66450098F81A /* FitnessAppUITestsLaunchTests.swift */ = {isa = PBXFileReference; lastKnownFileType = sourcecode.swift; path = FitnessAppUITestsLaunchTests.swift; sourceTree = "<group>"; };
		623CEC85295F69590098F81A /* NavButton.swift */ = {isa = PBXFileReference; lastKnownFileType = sourcecode.swift; path = NavButton.swift; sourceTree = "<group>"; };
		623CEC87295F6B630098F81A /* Font++.swift */ = {isa = PBXFileReference; lastKnownFileType = sourcecode.swift; path = "Font++.swift"; sourceTree = "<group>"; };
		623CEC89295F6C490098F81A /* BarlowSemiCondensed-Black.ttf */ = {isa = PBXFileReference; lastKnownFileType = file; path = "BarlowSemiCondensed-Black.ttf"; sourceTree = "<group>"; };
		623CEC8A295F6C490098F81A /* BarlowSemiCondensed-Bold.ttf */ = {isa = PBXFileReference; lastKnownFileType = file; path = "BarlowSemiCondensed-Bold.ttf"; sourceTree = "<group>"; };
		623CEC8B295F6C490098F81A /* BarlowSemiCondensed-Medium.ttf */ = {isa = PBXFileReference; lastKnownFileType = file; path = "BarlowSemiCondensed-Medium.ttf"; sourceTree = "<group>"; };
		623CEC8F295F6CFB0098F81A /* Info.plist */ = {isa = PBXFileReference; lastKnownFileType = text.plist; path = Info.plist; sourceTree = "<group>"; };
		623CEC91295F6F270098F81A /* Color++.swift */ = {isa = PBXFileReference; lastKnownFileType = sourcecode.swift; path = "Color++.swift"; sourceTree = "<group>"; };
		623CEC93295F76980098F81A /* PersonalInfoVIew.swift */ = {isa = PBXFileReference; lastKnownFileType = sourcecode.swift; path = PersonalInfoVIew.swift; sourceTree = "<group>"; };
		623CEC95295F76A50098F81A /* FoodPrefView.swift */ = {isa = PBXFileReference; lastKnownFileType = sourcecode.swift; path = FoodPrefView.swift; sourceTree = "<group>"; };
		623CEC97295F76B50098F81A /* WorkoutInfoView.swift */ = {isa = PBXFileReference; lastKnownFileType = sourcecode.swift; path = WorkoutInfoView.swift; sourceTree = "<group>"; };
		623CEC99295F78BF0098F81A /* FitnessVM.swift */ = {isa = PBXFileReference; lastKnownFileType = sourcecode.swift; path = FitnessVM.swift; sourceTree = "<group>"; };
		62C6A9C52960351300424250 /* CustomButton.swift */ = {isa = PBXFileReference; lastKnownFileType = sourcecode.swift; path = CustomButton.swift; sourceTree = "<group>"; };
		62C6A9C729603CC000424250 /* RoundRectbutton.swift */ = {isa = PBXFileReference; lastKnownFileType = sourcecode.swift; path = RoundRectbutton.swift; sourceTree = "<group>"; };
		62C86C9529617EE40001E4E2 /* CustomSliderView.swift */ = {isa = PBXFileReference; lastKnownFileType = sourcecode.swift; path = CustomSliderView.swift; sourceTree = "<group>"; };
/* End PBXFileReference section */

/* Begin PBXFrameworksBuildPhase section */
		623CEC55295F66440098F81A /* Frameworks */ = {
			isa = PBXFrameworksBuildPhase;
			buildActionMask = 2147483647;
			files = (
			);
			runOnlyForDeploymentPostprocessing = 0;
		};
		623CEC65295F66450098F81A /* Frameworks */ = {
			isa = PBXFrameworksBuildPhase;
			buildActionMask = 2147483647;
			files = (
			);
			runOnlyForDeploymentPostprocessing = 0;
		};
		623CEC6F295F66450098F81A /* Frameworks */ = {
			isa = PBXFrameworksBuildPhase;
			buildActionMask = 2147483647;
			files = (
			);
			runOnlyForDeploymentPostprocessing = 0;
		};
/* End PBXFrameworksBuildPhase section */

/* Begin PBXGroup section */
		6233F8952961848D009AE3D2 /* Slider */ = {
			isa = PBXGroup;
			children = (
				62C86C9529617EE40001E4E2 /* CustomSliderView.swift */,
				6233F89329618359009AE3D2 /* SliderView.swift */,
			);
			path = Slider;
			sourceTree = "<group>";
		};
		623CEC4F295F66440098F81A = {
			isa = PBXGroup;
			children = (
				623CEC5A295F66440098F81A /* FitnessApp */,
				623CEC6B295F66450098F81A /* FitnessAppTests */,
				623CEC75295F66450098F81A /* FitnessAppUITests */,
				623CEC59295F66440098F81A /* Products */,
			);
			sourceTree = "<group>";
		};
		623CEC59295F66440098F81A /* Products */ = {
			isa = PBXGroup;
			children = (
				623CEC58295F66440098F81A /* FitnessApp.app */,
				623CEC68295F66450098F81A /* FitnessAppTests.xctest */,
				623CEC72295F66450098F81A /* FitnessAppUITests.xctest */,
			);
			name = Products;
			sourceTree = "<group>";
		};
		623CEC5A295F66440098F81A /* FitnessApp */ = {
			isa = PBXGroup;
			children = (
				623CEC8F295F6CFB0098F81A /* Info.plist */,
				623CEC5B295F66440098F81A /* FitnessAppApp.swift */,
				623CEC99295F78BF0098F81A /* FitnessVM.swift */,
				62C6A9C3296033DF00424250 /* View */,
				62C6A9C4296034AA00424250 /* Helper View */,
				623CEC90295F6D710098F81A /* Extensions */,
				623CEC5F295F66450098F81A /* Assets.xcassets */,
				623CEC89295F6C490098F81A /* BarlowSemiCondensed-Black.ttf */,
				623CEC8A295F6C490098F81A /* BarlowSemiCondensed-Bold.ttf */,
				623CEC8B295F6C490098F81A /* BarlowSemiCondensed-Medium.ttf */,
				623CEC61295F66450098F81A /* Preview Content */,
			);
			path = FitnessApp;
			sourceTree = "<group>";
		};
		623CEC61295F66450098F81A /* Preview Content */ = {
			isa = PBXGroup;
			children = (
				623CEC62295F66450098F81A /* Preview Assets.xcassets */,
			);
			path = "Preview Content";
			sourceTree = "<group>";
		};
		623CEC6B295F66450098F81A /* FitnessAppTests */ = {
			isa = PBXGroup;
			children = (
				623CEC6C295F66450098F81A /* FitnessAppTests.swift */,
			);
			path = FitnessAppTests;
			sourceTree = "<group>";
		};
		623CEC75295F66450098F81A /* FitnessAppUITests */ = {
			isa = PBXGroup;
			children = (
				623CEC76295F66450098F81A /* FitnessAppUITests.swift */,
				623CEC78295F66450098F81A /* FitnessAppUITestsLaunchTests.swift */,
			);
			path = FitnessAppUITests;
			sourceTree = "<group>";
		};
		623CEC90295F6D710098F81A /* Extensions */ = {
			isa = PBXGroup;
			children = (
				623CEC87295F6B630098F81A /* Font++.swift */,
				623CEC91295F6F270098F81A /* Color++.swift */,
			);
			path = Extensions;
			sourceTree = "<group>";
		};
		62C6A9C3296033DF00424250 /* View */ = {
			isa = PBXGroup;
			children = (
				623CEC5D295F66440098F81A /* ContentView.swift */,
				623CEC93295F76980098F81A /* PersonalInfoVIew.swift */,
				623CEC95295F76A50098F81A /* FoodPrefView.swift */,
				623CEC97295F76B50098F81A /* WorkoutInfoView.swift */,
			);
			path = View;
			sourceTree = "<group>";
		};
		62C6A9C4296034AA00424250 /* Helper View */ = {
			isa = PBXGroup;
			children = (
				623CEC85295F69590098F81A /* NavButton.swift */,
				62C6A9C52960351300424250 /* CustomButton.swift */,
				62C6A9C729603CC000424250 /* RoundRectbutton.swift */,
				6233F8952961848D009AE3D2 /* Slider */,
				6233F896296184C4009AE3D2 /* SliderSectionView.swift */,
			);
			path = "Helper View";
			sourceTree = "<group>";
		};
/* End PBXGroup section */

/* Begin PBXNativeTarget section */
		623CEC57295F66440098F81A /* FitnessApp */ = {
			isa = PBXNativeTarget;
			buildConfigurationList = 623CEC7C295F66450098F81A /* Build configuration list for PBXNativeTarget "FitnessApp" */;
			buildPhases = (
				623CEC54295F66440098F81A /* Sources */,
				623CEC55295F66440098F81A /* Frameworks */,
				623CEC56295F66440098F81A /* Resources */,
			);
			buildRules = (
			);
			dependencies = (
			);
			name = FitnessApp;
			productName = FitnessApp;
			productReference = 623CEC58295F66440098F81A /* FitnessApp.app */;
			productType = "com.apple.product-type.application";
		};
		623CEC67295F66450098F81A /* FitnessAppTests */ = {
			isa = PBXNativeTarget;
			buildConfigurationList = 623CEC7F295F66450098F81A /* Build configuration list for PBXNativeTarget "FitnessAppTests" */;
			buildPhases = (
				623CEC64295F66450098F81A /* Sources */,
				623CEC65295F66450098F81A /* Frameworks */,
				623CEC66295F66450098F81A /* Resources */,
			);
			buildRules = (
			);
			dependencies = (
				623CEC6A295F66450098F81A /* PBXTargetDependency */,
			);
			name = FitnessAppTests;
			productName = FitnessAppTests;
			productReference = 623CEC68295F66450098F81A /* FitnessAppTests.xctest */;
			productType = "com.apple.product-type.bundle.unit-test";
		};
		623CEC71295F66450098F81A /* FitnessAppUITests */ = {
			isa = PBXNativeTarget;
			buildConfigurationList = 623CEC82295F66450098F81A /* Build configuration list for PBXNativeTarget "FitnessAppUITests" */;
			buildPhases = (
				623CEC6E295F66450098F81A /* Sources */,
				623CEC6F295F66450098F81A /* Frameworks */,
				623CEC70295F66450098F81A /* Resources */,
			);
			buildRules = (
			);
			dependencies = (
				623CEC74295F66450098F81A /* PBXTargetDependency */,
			);
			name = FitnessAppUITests;
			productName = FitnessAppUITests;
			productReference = 623CEC72295F66450098F81A /* FitnessAppUITests.xctest */;
			productType = "com.apple.product-type.bundle.ui-testing";
		};
/* End PBXNativeTarget section */

/* Begin PBXProject section */
		623CEC50295F66440098F81A /* Project object */ = {
			isa = PBXProject;
			attributes = {
				BuildIndependentTargetsInParallel = 1;
				LastSwiftUpdateCheck = 1400;
				LastUpgradeCheck = 1400;
				TargetAttributes = {
					623CEC57295F66440098F81A = {
						CreatedOnToolsVersion = 14.0.1;
					};
					623CEC67295F66450098F81A = {
						CreatedOnToolsVersion = 14.0.1;
						TestTargetID = 623CEC57295F66440098F81A;
					};
					623CEC71295F66450098F81A = {
						CreatedOnToolsVersion = 14.0.1;
						TestTargetID = 623CEC57295F66440098F81A;
					};
				};
			};
			buildConfigurationList = 623CEC53295F66440098F81A /* Build configuration list for PBXProject "FitnessApp" */;
			compatibilityVersion = "Xcode 14.0";
			developmentRegion = en;
			hasScannedForEncodings = 0;
			knownRegions = (
				en,
				Base,
			);
			mainGroup = 623CEC4F295F66440098F81A;
			productRefGroup = 623CEC59295F66440098F81A /* Products */;
			projectDirPath = "";
			projectRoot = "";
			targets = (
				623CEC57295F66440098F81A /* FitnessApp */,
				623CEC67295F66450098F81A /* FitnessAppTests */,
				623CEC71295F66450098F81A /* FitnessAppUITests */,
			);
		};
/* End PBXProject section */

/* Begin PBXResourcesBuildPhase section */
		623CEC56295F66440098F81A /* Resources */ = {
			isa = PBXResourcesBuildPhase;
			buildActionMask = 2147483647;
			files = (
				623CEC8C295F6C490098F81A /* BarlowSemiCondensed-Black.ttf in Resources */,
				623CEC63295F66450098F81A /* Preview Assets.xcassets in Resources */,
				623CEC8E295F6C490098F81A /* BarlowSemiCondensed-Medium.ttf in Resources */,
				623CEC8D295F6C490098F81A /* BarlowSemiCondensed-Bold.ttf in Resources */,
				623CEC60295F66450098F81A /* Assets.xcassets in Resources */,
			);
			runOnlyForDeploymentPostprocessing = 0;
		};
		623CEC66295F66450098F81A /* Resources */ = {
			isa = PBXResourcesBuildPhase;
			buildActionMask = 2147483647;
			files = (
			);
			runOnlyForDeploymentPostprocessing = 0;
		};
		623CEC70295F66450098F81A /* Resources */ = {
			isa = PBXResourcesBuildPhase;
			buildActionMask = 2147483647;
			files = (
			);
			runOnlyForDeploymentPostprocessing = 0;
		};
/* End PBXResourcesBuildPhase section */

/* Begin PBXSourcesBuildPhase section */
		623CEC54295F66440098F81A /* Sources */ = {
			isa = PBXSourcesBuildPhase;
			buildActionMask = 2147483647;
			files = (
				623CEC9A295F78BF0098F81A /* FitnessVM.swift in Sources */,
				6233F89429618359009AE3D2 /* SliderView.swift in Sources */,
				623CEC86295F69590098F81A /* NavButton.swift in Sources */,
				6233F897296184C4009AE3D2 /* SliderSectionView.swift in Sources */,
				623CEC5E295F66440098F81A /* ContentView.swift in Sources */,
				623CEC98295F76B50098F81A /* WorkoutInfoView.swift in Sources */,
				62C6A9C62960351300424250 /* CustomButton.swift in Sources */,
				623CEC96295F76A50098F81A /* FoodPrefView.swift in Sources */,
				62C6A9C829603CC000424250 /* RoundRectbutton.swift in Sources */,
				623CEC94295F76980098F81A /* PersonalInfoVIew.swift in Sources */,
				623CEC88295F6B630098F81A /* Font++.swift in Sources */,
				62C86C9629617EE40001E4E2 /* CustomSliderView.swift in Sources */,
				623CEC5C295F66440098F81A /* FitnessAppApp.swift in Sources */,
				623CEC92295F6F270098F81A /* Color++.swift in Sources */,
			);
			runOnlyForDeploymentPostprocessing = 0;
		};
		623CEC64295F66450098F81A /* Sources */ = {
			isa = PBXSourcesBuildPhase;
			buildActionMask = 2147483647;
			files = (
				623CEC6D295F66450098F81A /* FitnessAppTests.swift in Sources */,
			);
			runOnlyForDeploymentPostprocessing = 0;
		};
		623CEC6E295F66450098F81A /* Sources */ = {
			isa = PBXSourcesBuildPhase;
			buildActionMask = 2147483647;
			files = (
				623CEC77295F66450098F81A /* FitnessAppUITests.swift in Sources */,
				623CEC79295F66450098F81A /* FitnessAppUITestsLaunchTests.swift in Sources */,
			);
			runOnlyForDeploymentPostprocessing = 0;
		};
/* End PBXSourcesBuildPhase section */

/* Begin PBXTargetDependency section */
		623CEC6A295F66450098F81A /* PBXTargetDependency */ = {
			isa = PBXTargetDependency;
			target = 623CEC57295F66440098F81A /* FitnessApp */;
			targetProxy = 623CEC69295F66450098F81A /* PBXContainerItemProxy */;
		};
		623CEC74295F66450098F81A /* PBXTargetDependency */ = {
			isa = PBXTargetDependency;
			target = 623CEC57295F66440098F81A /* FitnessApp */;
			targetProxy = 623CEC73295F66450098F81A /* PBXContainerItemProxy */;
		};
/* End PBXTargetDependency section */

/* Begin XCBuildConfiguration section */
		623CEC7A295F66450098F81A /* Debug */ = {
			isa = XCBuildConfiguration;
			buildSettings = {
				ALWAYS_SEARCH_USER_PATHS = NO;
				CLANG_ANALYZER_NONNULL = YES;
				CLANG_ANALYZER_NUMBER_OBJECT_CONVERSION = YES_AGGRESSIVE;
				CLANG_CXX_LANGUAGE_STANDARD = "gnu++20";
				CLANG_ENABLE_MODULES = YES;
				CLANG_ENABLE_OBJC_ARC = YES;
				CLANG_ENABLE_OBJC_WEAK = YES;
				CLANG_WARN_BLOCK_CAPTURE_AUTORELEASING = YES;
				CLANG_WARN_BOOL_CONVERSION = YES;
				CLANG_WARN_COMMA = YES;
				CLANG_WARN_CONSTANT_CONVERSION = YES;
				CLANG_WARN_DEPRECATED_OBJC_IMPLEMENTATIONS = YES;
				CLANG_WARN_DIRECT_OBJC_ISA_USAGE = YES_ERROR;
				CLANG_WARN_DOCUMENTATION_COMMENTS = YES;
				CLANG_WARN_EMPTY_BODY = YES;
				CLANG_WARN_ENUM_CONVERSION = YES;
				CLANG_WARN_INFINITE_RECURSION = YES;
				CLANG_WARN_INT_CONVERSION = YES;
				CLANG_WARN_NON_LITERAL_NULL_CONVERSION = YES;
				CLANG_WARN_OBJC_IMPLICIT_RETAIN_SELF = YES;
				CLANG_WARN_OBJC_LITERAL_CONVERSION = YES;
				CLANG_WARN_OBJC_ROOT_CLASS = YES_ERROR;
				CLANG_WARN_QUOTED_INCLUDE_IN_FRAMEWORK_HEADER = YES;
				CLANG_WARN_RANGE_LOOP_ANALYSIS = YES;
				CLANG_WARN_STRICT_PROTOTYPES = YES;
				CLANG_WARN_SUSPICIOUS_MOVE = YES;
				CLANG_WARN_UNGUARDED_AVAILABILITY = YES_AGGRESSIVE;
				CLANG_WARN_UNREACHABLE_CODE = YES;
				CLANG_WARN__DUPLICATE_METHOD_MATCH = YES;
				COPY_PHASE_STRIP = NO;
				DEBUG_INFORMATION_FORMAT = dwarf;
				ENABLE_STRICT_OBJC_MSGSEND = YES;
				ENABLE_TESTABILITY = YES;
				GCC_C_LANGUAGE_STANDARD = gnu11;
				GCC_DYNAMIC_NO_PIC = NO;
				GCC_NO_COMMON_BLOCKS = YES;
				GCC_OPTIMIZATION_LEVEL = 0;
				GCC_PREPROCESSOR_DEFINITIONS = (
					"DEBUG=1",
					"$(inherited)",
				);
				GCC_WARN_64_TO_32_BIT_CONVERSION = YES;
				GCC_WARN_ABOUT_RETURN_TYPE = YES_ERROR;
				GCC_WARN_UNDECLARED_SELECTOR = YES;
				GCC_WARN_UNINITIALIZED_AUTOS = YES_AGGRESSIVE;
				GCC_WARN_UNUSED_FUNCTION = YES;
				GCC_WARN_UNUSED_VARIABLE = YES;
				IPHONEOS_DEPLOYMENT_TARGET = 16.0;
				MTL_ENABLE_DEBUG_INFO = INCLUDE_SOURCE;
				MTL_FAST_MATH = YES;
				ONLY_ACTIVE_ARCH = YES;
				SDKROOT = iphoneos;
				SWIFT_ACTIVE_COMPILATION_CONDITIONS = DEBUG;
				SWIFT_OPTIMIZATION_LEVEL = "-Onone";
			};
			name = Debug;
		};
		623CEC7B295F66450098F81A /* Release */ = {
			isa = XCBuildConfiguration;
			buildSettings = {
				ALWAYS_SEARCH_USER_PATHS = NO;
				CLANG_ANALYZER_NONNULL = YES;
				CLANG_ANALYZER_NUMBER_OBJECT_CONVERSION = YES_AGGRESSIVE;
				CLANG_CXX_LANGUAGE_STANDARD = "gnu++20";
				CLANG_ENABLE_MODULES = YES;
				CLANG_ENABLE_OBJC_ARC = YES;
				CLANG_ENABLE_OBJC_WEAK = YES;
				CLANG_WARN_BLOCK_CAPTURE_AUTORELEASING = YES;
				CLANG_WARN_BOOL_CONVERSION = YES;
				CLANG_WARN_COMMA = YES;
				CLANG_WARN_CONSTANT_CONVERSION = YES;
				CLANG_WARN_DEPRECATED_OBJC_IMPLEMENTATIONS = YES;
				CLANG_WARN_DIRECT_OBJC_ISA_USAGE = YES_ERROR;
				CLANG_WARN_DOCUMENTATION_COMMENTS = YES;
				CLANG_WARN_EMPTY_BODY = YES;
				CLANG_WARN_ENUM_CONVERSION = YES;
				CLANG_WARN_INFINITE_RECURSION = YES;
				CLANG_WARN_INT_CONVERSION = YES;
				CLANG_WARN_NON_LITERAL_NULL_CONVERSION = YES;
				CLANG_WARN_OBJC_IMPLICIT_RETAIN_SELF = YES;
				CLANG_WARN_OBJC_LITERAL_CONVERSION = YES;
				CLANG_WARN_OBJC_ROOT_CLASS = YES_ERROR;
				CLANG_WARN_QUOTED_INCLUDE_IN_FRAMEWORK_HEADER = YES;
				CLANG_WARN_RANGE_LOOP_ANALYSIS = YES;
				CLANG_WARN_STRICT_PROTOTYPES = YES;
				CLANG_WARN_SUSPICIOUS_MOVE = YES;
				CLANG_WARN_UNGUARDED_AVAILABILITY = YES_AGGRESSIVE;
				CLANG_WARN_UNREACHABLE_CODE = YES;
				CLANG_WARN__DUPLICATE_METHOD_MATCH = YES;
				COPY_PHASE_STRIP = NO;
				DEBUG_INFORMATION_FORMAT = "dwarf-with-dsym";
				ENABLE_NS_ASSERTIONS = NO;
				ENABLE_STRICT_OBJC_MSGSEND = YES;
				GCC_C_LANGUAGE_STANDARD = gnu11;
				GCC_NO_COMMON_BLOCKS = YES;
				GCC_WARN_64_TO_32_BIT_CONVERSION = YES;
				GCC_WARN_ABOUT_RETURN_TYPE = YES_ERROR;
				GCC_WARN_UNDECLARED_SELECTOR = YES;
				GCC_WARN_UNINITIALIZED_AUTOS = YES_AGGRESSIVE;
				GCC_WARN_UNUSED_FUNCTION = YES;
				GCC_WARN_UNUSED_VARIABLE = YES;
				IPHONEOS_DEPLOYMENT_TARGET = 16.0;
				MTL_ENABLE_DEBUG_INFO = NO;
				MTL_FAST_MATH = YES;
				SDKROOT = iphoneos;
				SWIFT_COMPILATION_MODE = wholemodule;
				SWIFT_OPTIMIZATION_LEVEL = "-O";
				VALIDATE_PRODUCT = YES;
			};
			name = Release;
		};
		623CEC7D295F66450098F81A /* Debug */ = {
			isa = XCBuildConfiguration;
			buildSettings = {
				ASSETCATALOG_COMPILER_APPICON_NAME = AppIcon;
				ASSETCATALOG_COMPILER_GLOBAL_ACCENT_COLOR_NAME = AccentColor;
				CODE_SIGN_STYLE = Automatic;
				CURRENT_PROJECT_VERSION = 1;
				DEVELOPMENT_ASSET_PATHS = "\"FitnessApp/Preview Content\"";
				ENABLE_PREVIEWS = YES;
				GENERATE_INFOPLIST_FILE = YES;
				INFOPLIST_FILE = FitnessApp/Info.plist;
				INFOPLIST_KEY_UIApplicationSceneManifest_Generation = YES;
				INFOPLIST_KEY_UIApplicationSupportsIndirectInputEvents = YES;
				INFOPLIST_KEY_UILaunchScreen_Generation = YES;
				INFOPLIST_KEY_UISupportedInterfaceOrientations_iPad = "UIInterfaceOrientationPortrait UIInterfaceOrientationPortraitUpsideDown UIInterfaceOrientationLandscapeLeft UIInterfaceOrientationLandscapeRight";
				INFOPLIST_KEY_UISupportedInterfaceOrientations_iPhone = "UIInterfaceOrientationPortrait UIInterfaceOrientationLandscapeLeft UIInterfaceOrientationLandscapeRight";
				LD_RUNPATH_SEARCH_PATHS = (
					"$(inherited)",
					"@executable_path/Frameworks",
				);
				MARKETING_VERSION = 1.0;
				PRODUCT_BUNDLE_IDENTIFIER = com.dilshad.FitnessApp;
				PRODUCT_NAME = "$(TARGET_NAME)";
				SWIFT_EMIT_LOC_STRINGS = YES;
				SWIFT_VERSION = 5.0;
				TARGETED_DEVICE_FAMILY = "1,2";
			};
			name = Debug;
		};
		623CEC7E295F66450098F81A /* Release */ = {
			isa = XCBuildConfiguration;
			buildSettings = {
				ASSETCATALOG_COMPILER_APPICON_NAME = AppIcon;
				ASSETCATALOG_COMPILER_GLOBAL_ACCENT_COLOR_NAME = AccentColor;
				CODE_SIGN_STYLE = Automatic;
				CURRENT_PROJECT_VERSION = 1;
				DEVELOPMENT_ASSET_PATHS = "\"FitnessApp/Preview Content\"";
				ENABLE_PREVIEWS = YES;
				GENERATE_INFOPLIST_FILE = YES;
				INFOPLIST_FILE = FitnessApp/Info.plist;
				INFOPLIST_KEY_UIApplicationSceneManifest_Generation = YES;
				INFOPLIST_KEY_UIApplicationSupportsIndirectInputEvents = YES;
				INFOPLIST_KEY_UILaunchScreen_Generation = YES;
				INFOPLIST_KEY_UISupportedInterfaceOrientations_iPad = "UIInterfaceOrientationPortrait UIInterfaceOrientationPortraitUpsideDown UIInterfaceOrientationLandscapeLeft UIInterfaceOrientationLandscapeRight";
				INFOPLIST_KEY_UISupportedInterfaceOrientations_iPhone = "UIInterfaceOrientationPortrait UIInterfaceOrientationLandscapeLeft UIInterfaceOrientationLandscapeRight";
				LD_RUNPATH_SEARCH_PATHS = (
					"$(inherited)",
					"@executable_path/Frameworks",
				);
				MARKETING_VERSION = 1.0;
				PRODUCT_BUNDLE_IDENTIFIER = com.dilshad.FitnessApp;
				PRODUCT_NAME = "$(TARGET_NAME)";
				SWIFT_EMIT_LOC_STRINGS = YES;
				SWIFT_VERSION = 5.0;
				TARGETED_DEVICE_FAMILY = "1,2";
			};
			name = Release;
		};
		623CEC80295F66450098F81A /* Debug */ = {
			isa = XCBuildConfiguration;
			buildSettings = {
				ALWAYS_EMBED_SWIFT_STANDARD_LIBRARIES = YES;
				BUNDLE_LOADER = "$(TEST_HOST)";
				CODE_SIGN_STYLE = Automatic;
				CURRENT_PROJECT_VERSION = 1;
				GENERATE_INFOPLIST_FILE = YES;
				IPHONEOS_DEPLOYMENT_TARGET = 16.0;
				MARKETING_VERSION = 1.0;
				PRODUCT_BUNDLE_IDENTIFIER = com.dilshad.FitnessAppTests;
				PRODUCT_NAME = "$(TARGET_NAME)";
				SWIFT_EMIT_LOC_STRINGS = NO;
				SWIFT_VERSION = 5.0;
				TARGETED_DEVICE_FAMILY = "1,2";
				TEST_HOST = "$(BUILT_PRODUCTS_DIR)/FitnessApp.app/$(BUNDLE_EXECUTABLE_FOLDER_PATH)/FitnessApp";
			};
			name = Debug;
		};
		623CEC81295F66450098F81A /* Release */ = {
			isa = XCBuildConfiguration;
			buildSettings = {
				ALWAYS_EMBED_SWIFT_STANDARD_LIBRARIES = YES;
				BUNDLE_LOADER = "$(TEST_HOST)";
				CODE_SIGN_STYLE = Automatic;
				CURRENT_PROJECT_VERSION = 1;
				GENERATE_INFOPLIST_FILE = YES;
				IPHONEOS_DEPLOYMENT_TARGET = 16.0;
				MARKETING_VERSION = 1.0;
				PRODUCT_BUNDLE_IDENTIFIER = com.dilshad.FitnessAppTests;
				PRODUCT_NAME = "$(TARGET_NAME)";
				SWIFT_EMIT_LOC_STRINGS = NO;
				SWIFT_VERSION = 5.0;
				TARGETED_DEVICE_FAMILY = "1,2";
				TEST_HOST = "$(BUILT_PRODUCTS_DIR)/FitnessApp.app/$(BUNDLE_EXECUTABLE_FOLDER_PATH)/FitnessApp";
			};
			name = Release;
		};
		623CEC83295F66450098F81A /* Debug */ = {
			isa = XCBuildConfiguration;
			buildSettings = {
				ALWAYS_EMBED_SWIFT_STANDARD_LIBRARIES = YES;
				CODE_SIGN_STYLE = Automatic;
				CURRENT_PROJECT_VERSION = 1;
				GENERATE_INFOPLIST_FILE = YES;
				MARKETING_VERSION = 1.0;
				PRODUCT_BUNDLE_IDENTIFIER = com.dilshad.FitnessAppUITests;
				PRODUCT_NAME = "$(TARGET_NAME)";
				SWIFT_EMIT_LOC_STRINGS = NO;
				SWIFT_VERSION = 5.0;
				TARGETED_DEVICE_FAMILY = "1,2";
				TEST_TARGET_NAME = FitnessApp;
			};
			name = Debug;
		};
		623CEC84295F66450098F81A /* Release */ = {
			isa = XCBuildConfiguration;
			buildSettings = {
				ALWAYS_EMBED_SWIFT_STANDARD_LIBRARIES = YES;
				CODE_SIGN_STYLE = Automatic;
				CURRENT_PROJECT_VERSION = 1;
				GENERATE_INFOPLIST_FILE = YES;
				MARKETING_VERSION = 1.0;
				PRODUCT_BUNDLE_IDENTIFIER = com.dilshad.FitnessAppUITests;
				PRODUCT_NAME = "$(TARGET_NAME)";
				SWIFT_EMIT_LOC_STRINGS = NO;
				SWIFT_VERSION = 5.0;
				TARGETED_DEVICE_FAMILY = "1,2";
				TEST_TARGET_NAME = FitnessApp;
			};
			name = Release;
		};
/* End XCBuildConfiguration section */

/* Begin XCConfigurationList section */
		623CEC53295F66440098F81A /* Build configuration list for PBXProject "FitnessApp" */ = {
			isa = XCConfigurationList;
			buildConfigurations = (
				623CEC7A295F66450098F81A /* Debug */,
				623CEC7B295F66450098F81A /* Release */,
			);
			defaultConfigurationIsVisible = 0;
			defaultConfigurationName = Release;
		};
		623CEC7C295F66450098F81A /* Build configuration list for PBXNativeTarget "FitnessApp" */ = {
			isa = XCConfigurationList;
			buildConfigurations = (
				623CEC7D295F66450098F81A /* Debug */,
				623CEC7E295F66450098F81A /* Release */,
			);
			defaultConfigurationIsVisible = 0;
			defaultConfigurationName = Release;
		};
		623CEC7F295F66450098F81A /* Build configuration list for PBXNativeTarget "FitnessAppTests" */ = {
			isa = XCConfigurationList;
			buildConfigurations = (
				623CEC80295F66450098F81A /* Debug */,
				623CEC81295F66450098F81A /* Release */,
			);
			defaultConfigurationIsVisible = 0;
			defaultConfigurationName = Release;
		};
		623CEC82295F66450098F81A /* Build configuration list for PBXNativeTarget "FitnessAppUITests" */ = {
			isa = XCConfigurationList;
			buildConfigurations = (
				623CEC83295F66450098F81A /* Debug */,
				623CEC84295F66450098F81A /* Release */,
			);
			defaultConfigurationIsVisible = 0;
			defaultConfigurationName = Release;
		};
/* End XCConfigurationList section */
	};
	rootObject = 623CEC50295F66440098F81A /* Project object */;
}
